schema: '2.0'
stages:
  great_expectations:
    cmd: python3 gx_validation.py --csv london_weather.csv
    deps:
    - path: data/london_weather.csv
      hash: md5
      md5: 9f427698c2d6b23c5d22c5fc25421f20
      size: 814426
    - path: gx_validation.py
      hash: md5
      md5: a458853347b8dbb82fd65ed971e62e88
      size: 2147
    outs:
    - path: output/metrics.json
      hash: md5
      md5: 92e351099e30644ea32fe8fab7a2a1e5
      size: 3172
